
Microsoft Visual Studio Solution File, Format Version 12.00
# Visual Studio Version 16
VisualStudioVersion = 16.0.30717.126
MinimumVisualStudioVersion = 10.0.40219.1
Project("{FAE04EC0-301F-11D3-BF4B-00C04F79EFBC}") = "WebAppli", "WebAppli.csproj", "{4695A2FD-3B99-452B-A952-39C331E29EE0}"
EndProject
Global
	GlobalSection(SolutionConfigurationPlatforms) = preSolution
		Debug|Any CPU = Debug|Any CPU
		Release|Any CPU = Release|Any CPU
	EndGlobalSection
	GlobalSection(ProjectConfigurationPlatforms) = postSolution
		{4695A2FD-3B99-452B-A952-39C331E29EE0}.Debug|Any CPU.ActiveCfg = Debug|Any CPU
		{4695A2FD-3B99-452B-A952-39C331E29EE0}.Debug|Any CPU.Build.0 = Debug|Any CPU
		{4695A2FD-3B99-452B-A952-39C331E29EE0}.Release|Any CPU.ActiveCfg = Release|Any CPU
		{4695A2FD-3B99-452B-A952-39C331E29EE0}.Release|Any CPU.Build.0 = Release|Any CPU
	EndGlobalSection
	GlobalSection(SolutionProperties) = preSolution
		HideSolutionNode = FALSE
	EndGlobalSection
	GlobalSection(ExtensibilityGlobals) = postSolution
		SolutionGuid = {4C58C90C-C928-4520-A561-2207545F8C6E}
	EndGlobalSection
EndGlobal
